{
  "name": "ts_demo",
  "version": "1.0.0",
  "lockfileVersion": 2,
  "requires": true,
  "packages": {
    "": {
      "name": "ts_demo",
      "version": "1.0.0",
      "license": "ISC",
      "dependencies": {
        "typescript": "^4.2.0-beta"
      }
    },
    "node_modules/typescript": {
      "version": "4.2.0-beta",
      "resolved": "https://registry.npmjs.org/typescript/-/typescript-4.2.0-beta.tgz",
      "integrity": "sha512-0nYjpkQ6bKjHoJTQkUHcDtGLNenqc5rfTcl3ISUnJXPkGa0115FcVJABmodfMKHLyDBmzDr8IGLbDv5m7sbYgw==",
      "bin": {
        "tsc": "bin/tsc",
        "tsserver": "bin/tsserver"
      },
      "engines": {
        "node": ">=4.2.0"
      }
    }
  },
  "dependencies": {
    "typescript": {
      "version": "4.2.0-beta",
      "resolved": "https://registry.npmjs.org/typescript/-/typescript-4.2.0-beta.tgz",
      "integrity": "sha512-0nYjpkQ6bKjHoJTQkUHcDtGLNenqc5rfTcl3ISUnJXPkGa0115FcVJABmodfMKHLyDBmzDr8IGLbDv5m7sbYgw=="
    }
  }
}
